{
  "name": "Senie",
  "lockfileVersion": 2,
  "requires": true,
  "packages": {
    "": {
      "dependencies": {
        "spinkit": "^2.0.1"
      }
    },
    "node_modules/spinkit": {
      "version": "2.0.1",
      "resolved": "https://registry.npmmirror.com/spinkit/download/spinkit-2.0.1.tgz",
      "integrity": "sha1-rvzQrP3xWpCqjh8GnX5hhRWJH3Q="
    }
  },
  "dependencies": {
    "spinkit": {
      "version": "2.0.1",
      "resolved": "https://registry.npmmirror.com/spinkit/download/spinkit-2.0.1.tgz",
      "integrity": "sha1-rvzQrP3xWpCqjh8GnX5hhRWJH3Q="
    }
  }
}
